
Microsoft Visual Studio Solution File, Format Version 12.00
# Visual Studio Version 16
VisualStudioVersion = 16.0.31729.503
MinimumVisualStudioVersion = 10.0.40219.1
Project("{9A19103F-16F7-4668-BE54-9A1E7A4F7556}") = "SampleTaskWeb.Server", "Server\SampleTaskWeb.Server.csproj", "{17C750A5-1D95-45EB-AF43-24A21B23F244}"
EndProject
Project("{9A19103F-16F7-4668-BE54-9A1E7A4F7556}") = "SampleTaskWeb.Client", "Client\SampleTaskWeb.Client.csproj", "{DF4C05F9-6FD0-4770-9AE0-00C860971A60}"
EndProject
Project("{9A19103F-16F7-4668-BE54-9A1E7A4F7556}") = "SampleTaskWeb.Shared", "Shared\SampleTaskWeb.Shared.csproj", "{2582BF33-35B5-4880-A6DA-DEEBD193B0D0}"
EndProject
Project("{2150E333-8FDC-42A3-9474-1A3956D46DE8}") = "Tests", "Tests", "{C995C23A-076C-477A-A6C9-493C1740F97B}"
EndProject
Project("{9A19103F-16F7-4668-BE54-9A1E7A4F7556}") = "SampleTaskWeb.Server.Tests", "SampleTaskWeb.Server.Tests\SampleTaskWeb.Server.Tests.csproj", "{8C0B0244-7F84-4580-AE9C-CC7A30DE37F6}"
EndProject
Global
	GlobalSection(SolutionConfigurationPlatforms) = preSolution
		Debug|Any CPU = Debug|Any CPU
		Release|Any CPU = Release|Any CPU
	EndGlobalSection
	GlobalSection(ProjectConfigurationPlatforms) = postSolution
		{17C750A5-1D95-45EB-AF43-24A21B23F244}.Debug|Any CPU.ActiveCfg = Debug|Any CPU
		{17C750A5-1D95-45EB-AF43-24A21B23F244}.Debug|Any CPU.Build.0 = Debug|Any CPU
		{17C750A5-1D95-45EB-AF43-24A21B23F244}.Release|Any CPU.ActiveCfg = Release|Any CPU
		{17C750A5-1D95-45EB-AF43-24A21B23F244}.Release|Any CPU.Build.0 = Release|Any CPU
		{DF4C05F9-6FD0-4770-9AE0-00C860971A60}.Debug|Any CPU.ActiveCfg = Debug|Any CPU
		{DF4C05F9-6FD0-4770-9AE0-00C860971A60}.Debug|Any CPU.Build.0 = Debug|Any CPU
		{DF4C05F9-6FD0-4770-9AE0-00C860971A60}.Release|Any CPU.ActiveCfg = Release|Any CPU
		{DF4C05F9-6FD0-4770-9AE0-00C860971A60}.Release|Any CPU.Build.0 = Release|Any CPU
		{2582BF33-35B5-4880-A6DA-DEEBD193B0D0}.Debug|Any CPU.ActiveCfg = Debug|Any CPU
		{2582BF33-35B5-4880-A6DA-DEEBD193B0D0}.Debug|Any CPU.Build.0 = Debug|Any CPU
		{2582BF33-35B5-4880-A6DA-DEEBD193B0D0}.Release|Any CPU.ActiveCfg = Release|Any CPU
		{2582BF33-35B5-4880-A6DA-DEEBD193B0D0}.Release|Any CPU.Build.0 = Release|Any CPU
		{8C0B0244-7F84-4580-AE9C-CC7A30DE37F6}.Debug|Any CPU.ActiveCfg = Debug|Any CPU
		{8C0B0244-7F84-4580-AE9C-CC7A30DE37F6}.Debug|Any CPU.Build.0 = Debug|Any CPU
		{8C0B0244-7F84-4580-AE9C-CC7A30DE37F6}.Release|Any CPU.ActiveCfg = Release|Any CPU
		{8C0B0244-7F84-4580-AE9C-CC7A30DE37F6}.Release|Any CPU.Build.0 = Release|Any CPU
	EndGlobalSection
	GlobalSection(SolutionProperties) = preSolution
		HideSolutionNode = FALSE
	EndGlobalSection
	GlobalSection(NestedProjects) = preSolution
		{8C0B0244-7F84-4580-AE9C-CC7A30DE37F6} = {C995C23A-076C-477A-A6C9-493C1740F97B}
	EndGlobalSection
	GlobalSection(ExtensibilityGlobals) = postSolution
		SolutionGuid = {B18FAE2D-8B01-4F85-BC3A-A1A12EDE41D2}
	EndGlobalSection
EndGlobal
